
Microsoft Visual Studio Solution File, Format Version 12.00
# Visual Studio Version 17
VisualStudioVersion = 17.0.31903.59
MinimumVisualStudioVersion = 10.0.40219.1
Project("{2150E333-8FDC-42A3-9474-1A3956D46DE8}") = "src", "src", "{ADD0234C-D3C8-42AA-9CA9-E28824C10273}"
EndProject
Project("{9A19103F-16F7-4668-BE54-9A1E7A4F7556}") = "LashRoom.Api", "src\LashRoom.Api\LashRoom.Api.csproj", "{08D2D7B4-6B26-41FB-BC43-D96D35976F5B}"
EndProject
Project("{FAE04EC0-301F-11D3-BF4B-00C04F79EFBC}") = "LashRoom.Core", "LashRoom.Core\LashRoom.Core.csproj", "{A8564E60-6478-47D0-B1CB-37F381D1AC1A}"
EndProject
Project("{FAE04EC0-301F-11D3-BF4B-00C04F79EFBC}") = "LashRoom.Application", "LashRoom.Application\LashRoom.Application.csproj", "{3EDD1CC4-05E0-436B-A1EF-3B592CC21903}"
EndProject
Project("{FAE04EC0-301F-11D3-BF4B-00C04F79EFBC}") = "LashRoom.Infrastructure", "LashRoom.Infrastructure\LashRoom.Infrastructure.csproj", "{5F8A473C-A6BC-4DBA-86C2-BBC3A9ECEE83}"
EndProject
Global
	GlobalSection(SolutionConfigurationPlatforms) = preSolution
		Debug|Any CPU = Debug|Any CPU
		Release|Any CPU = Release|Any CPU
	EndGlobalSection
	GlobalSection(ProjectConfigurationPlatforms) = postSolution
		{08D2D7B4-6B26-41FB-BC43-D96D35976F5B}.Debug|Any CPU.ActiveCfg = Debug|Any CPU
		{08D2D7B4-6B26-41FB-BC43-D96D35976F5B}.Debug|Any CPU.Build.0 = Debug|Any CPU
		{08D2D7B4-6B26-41FB-BC43-D96D35976F5B}.Release|Any CPU.ActiveCfg = Release|Any CPU
		{08D2D7B4-6B26-41FB-BC43-D96D35976F5B}.Release|Any CPU.Build.0 = Release|Any CPU
		{A8564E60-6478-47D0-B1CB-37F381D1AC1A}.Debug|Any CPU.ActiveCfg = Debug|Any CPU
		{A8564E60-6478-47D0-B1CB-37F381D1AC1A}.Debug|Any CPU.Build.0 = Debug|Any CPU
		{A8564E60-6478-47D0-B1CB-37F381D1AC1A}.Release|Any CPU.ActiveCfg = Release|Any CPU
		{A8564E60-6478-47D0-B1CB-37F381D1AC1A}.Release|Any CPU.Build.0 = Release|Any CPU
		{3EDD1CC4-05E0-436B-A1EF-3B592CC21903}.Debug|Any CPU.ActiveCfg = Debug|Any CPU
		{3EDD1CC4-05E0-436B-A1EF-3B592CC21903}.Debug|Any CPU.Build.0 = Debug|Any CPU
		{3EDD1CC4-05E0-436B-A1EF-3B592CC21903}.Release|Any CPU.ActiveCfg = Release|Any CPU
		{3EDD1CC4-05E0-436B-A1EF-3B592CC21903}.Release|Any CPU.Build.0 = Release|Any CPU
		{5F8A473C-A6BC-4DBA-86C2-BBC3A9ECEE83}.Debug|Any CPU.ActiveCfg = Debug|Any CPU
		{5F8A473C-A6BC-4DBA-86C2-BBC3A9ECEE83}.Debug|Any CPU.Build.0 = Debug|Any CPU
		{5F8A473C-A6BC-4DBA-86C2-BBC3A9ECEE83}.Release|Any CPU.ActiveCfg = Release|Any CPU
		{5F8A473C-A6BC-4DBA-86C2-BBC3A9ECEE83}.Release|Any CPU.Build.0 = Release|Any CPU
	EndGlobalSection
	GlobalSection(SolutionProperties) = preSolution
		HideSolutionNode = FALSE
	EndGlobalSection
	GlobalSection(NestedProjects) = preSolution
		{08D2D7B4-6B26-41FB-BC43-D96D35976F5B} = {ADD0234C-D3C8-42AA-9CA9-E28824C10273}
		{A8564E60-6478-47D0-B1CB-37F381D1AC1A} = {ADD0234C-D3C8-42AA-9CA9-E28824C10273}
		{3EDD1CC4-05E0-436B-A1EF-3B592CC21903} = {ADD0234C-D3C8-42AA-9CA9-E28824C10273}
		{5F8A473C-A6BC-4DBA-86C2-BBC3A9ECEE83} = {ADD0234C-D3C8-42AA-9CA9-E28824C10273}
	EndGlobalSection
	GlobalSection(ExtensibilityGlobals) = postSolution
		SolutionGuid = {AC6E6E6E-6570-45FA-AF01-D92CDAE74CC4}
	EndGlobalSection
EndGlobal
